# This file is automatically @generated by Poetry 1.8.3 and should not be changed by hand.

[[package]]
name = "async-timeout"
version = "4.0.3"
description = "Timeout context manager for asyncio programs"
optional = false
python-versions = ">=3.7"
files = [
    {file = "async-timeout-4.0.3.tar.gz", hash = "sha256:4640d96be84d82d02ed59ea2b7105a0f7b33abe8703703cd0ab0bf87c427522f"},
    {file = "async_timeout-4.0.3-py3-none-any.whl", hash = "sha256:7405140ff1230c310e51dc27b3145b9092d659ce68ff733fb0cefe3ee42be028"},
]

[[package]]
name = "atomicwrites"
version = "1.4.1"
description = "Atomic file writes."
optional = false
python-versions = ">=2.7, !=3.0.*, !=3.1.*, !=3.2.*, !=3.3.*"
files = [
    {file = "atomicwrites-1.4.1.tar.gz", hash = "sha256:81b2c9071a49367a7f770170e5eec8cb66567cfbbc8c73d20ce5ca4a8d71cf11"},
]

[[package]]
name = "attrs"
version = "23.2.0"
description = "Classes Without Boilerplate"
optional = false
python-versions = ">=3.7"
files = [
    {file = "attrs-23.2.0-py3-none-any.whl", hash = "sha256:99b87a485a5820b23b879f04c2305b44b951b502fd64be915879d77a7e8fc6f1"},
    {file = "attrs-23.2.0.tar.gz", hash = "sha256:935dc3b529c262f6cf76e50877d35a4bd3c1de194fd41f47a2b7ae8f19971f30"},
]

[package.extras]
cov = ["attrs[tests]", "coverage[toml] (>=5.3)"]
dev = ["attrs[tests]", "pre-commit"]
docs = ["furo", "myst-parser", "sphinx", "sphinx-notfound-page", "sphinxcontrib-towncrier", "towncrier", "zope-interface"]
tests = ["attrs[tests-no-zope]", "zope-interface"]
tests-mypy = ["mypy (>=1.6)", "pytest-mypy-plugins"]
tests-no-zope = ["attrs[tests-mypy]", "cloudpickle", "hypothesis", "pympler", "pytest (>=4.3.0)", "pytest-xdist[psutil]"]

[[package]]
name = "cassandra-driver"
version = "3.29.1"
description = "DataStax Driver for Apache Cassandra"
optional = false
python-versions = "*"
files = [
    {file = "cassandra-driver-3.29.1.tar.gz", hash = "sha256:38e9c2a2f2a9664bb03f1f852d5fccaeff2163942b5db35dffcf8bf32a51cfe5"},
    {file = "cassandra_driver-3.29.1-cp310-cp310-macosx_10_9_x86_64.whl", hash = "sha256:a8f175c7616a63ca48cb8bd4acc443e2a3d889964d5157cead761f23cc8db7bd"},
    {file = "cassandra_driver-3.29.1-cp310-cp310-macosx_11_0_arm64.whl", hash = "sha256:7d66398952b9cd21c40edff56e22b6d3bce765edc94b207ddb5896e7bc9aa088"},
    {file = "cassandra_driver-3.29.1-cp310-cp310-manylinux_2_17_aarch64.manylinux2014_aarch64.whl", hash = "sha256:5bbc6f575ef109ce5d4abfa2033bf36c394032abd83e32ab671159ce68e7e17b"},
    {file = "cassandra_driver-3.29.1-cp310-cp310-manylinux_2_17_x86_64.manylinux2014_x86_64.whl", hash = "sha256:78f241af75696adb3e470209e2fbb498804c99e2b197d24d74774eee6784f283"},
    {file = "cassandra_driver-3.29.1-cp310-cp310-win32.whl", hash = "sha256:54d9e651a742d6ca3d874ef8d06a40fa032d2dba97142da2d36f60c5675e39f8"},
    {file = "cassandra_driver-3.29.1-cp310-cp310-win_amd64.whl", hash = "sha256:630dc5423cd40eba0ee9db31065e2238098ff1a25a6b1bd36360f85738f26e4b"},
    {file = "cassandra_driver-3.29.1-cp311-cp311-macosx_10_9_x86_64.whl", hash = "sha256:0b841d38c96bb878d31df393954863652d6d3a85f47bcc00fd1d70a5ea73023f"},
    {file = "cassandra_driver-3.29.1-cp311-cp311-macosx_11_0_arm64.whl", hash = "sha256:19cc7375f673e215bd4cbbefae2de9f07830be7dabef55284a2d2ff8d8691efe"},
    {file = "cassandra_driver-3.29.1-cp311-cp311-manylinux_2_17_aarch64.manylinux2014_aarch64.whl", hash = "sha256:2b74b355be3dcafe652fffda8f14f385ccc1a8dae9df28e6080cc660da39b45f"},
    {file = "cassandra_driver-3.29.1-cp311-cp311-manylinux_2_17_x86_64.manylinux2014_x86_64.whl", hash = "sha256:0e6dac7eddd3f4581859f180383574068a3f113907811b4dad755a8ace4c3fbd"},
    {file = "cassandra_driver-3.29.1-cp311-cp311-win32.whl", hash = "sha256:293a79dba417112b56320ed0013d71fd7520f5fc4a5fd2ac8000c762c6dd5b07"},
    {file = "cassandra_driver-3.29.1-cp311-cp311-win_amd64.whl", hash = "sha256:7c2374fdf1099047a6c9c8329c79d71ad11e61d9cca7de92a0f49655da4bdd8a"},
    {file = "cassandra_driver-3.29.1-cp312-cp312-macosx_10_9_x86_64.whl", hash = "sha256:4431a0c836f33a33c733c84997fbdb6398be005c4d18a8c8525c469fdc29393c"},
    {file = "cassandra_driver-3.29.1-cp312-cp312-macosx_11_0_arm64.whl", hash = "sha256:d23b08381b171a9e42ace483a82457edcddada9e8367e31677b97538cde2dc34"},
    {file = "cassandra_driver-3.29.1-cp312-cp312-manylinux_2_17_aarch64.manylinux2014_aarch64.whl", hash = "sha256:4beb29a0139e63a10a5b9a3c7b72c30a4e6e20c9f0574f9d22c0d4144fe3d348"},
    {file = "cassandra_driver-3.29.1-cp312-cp312-manylinux_2_17_x86_64.manylinux2014_x86_64.whl", hash = "sha256:1b206423cc454a78f16b411e7cb641dddc26168ac2e18f2c13665f5f3c89868c"},
    {file = "cassandra_driver-3.29.1-cp312-cp312-win32.whl", hash = "sha256:ac898cca7303a3a2a3070513eee12ef0f1be1a0796935c5b8aa13dae8c0a7f7e"},
    {file = "cassandra_driver-3.29.1-cp312-cp312-win_amd64.whl", hash = "sha256:4ad0c9fb2229048ad6ff8c6ddbf1fdc78b111f2b061c66237c2257fcc4a31b14"},
    {file = "cassandra_driver-3.29.1-cp38-cp38-macosx_10_9_x86_64.whl", hash = "sha256:4282c5deac462e4bb0f6fd0553a33d514dbd5ee99d0812594210080330ddd1a2"},
    {file = "cassandra_driver-3.29.1-cp38-cp38-macosx_11_0_arm64.whl", hash = "sha256:41ca7eea069754002418d3bdfbd3dfd150ea12cb9db474ab1a01fa4679a05bcb"},
    {file = "cassandra_driver-3.29.1-cp38-cp38-manylinux_2_17_aarch64.manylinux2014_aarch64.whl", hash = "sha256:f6639ccb268c4dc754bc45e03551711780d0e02cb298ab26cde1f42b7bcc74f8"},
    {file = "cassandra_driver-3.29.1-cp38-cp38-manylinux_2_17_x86_64.manylinux2014_x86_64.whl", hash = "sha256:1a9d7d3b1be24a7f113b5404186ccccc977520401303a8fe78ba34134cad2482"},
    {file = "cassandra_driver-3.29.1-cp38-cp38-win32.whl", hash = "sha256:81c8fd556c6e1bb93577e69c1f10a3fadf7ddb93958d226ccbb72389396e9a92"},
    {file = "cassandra_driver-3.29.1-cp38-cp38-win_amd64.whl", hash = "sha256:cfe70ed0f27af949de2767ea9cef4092584e8748759374a55bf23c30746c7b23"},
    {file = "cassandra_driver-3.29.1-cp39-cp39-macosx_10_9_x86_64.whl", hash = "sha256:a2c03c1d834ac1a0ae39f9af297a8cd38829003ce910b08b324fb3abe488ce2b"},
    {file = "cassandra_driver-3.29.1-cp39-cp39-macosx_11_0_arm64.whl", hash = "sha256:9a3e1e2b01f3b7a5cf75c97401bce830071d99c42464352087d7475e0161af93"},
    {file = "cassandra_driver-3.29.1-cp39-cp39-manylinux_2_17_aarch64.manylinux2014_aarch64.whl", hash = "sha256:90c42006665a4e490b0766b70f3d637f36a30accbef2da35d6d4081c0e0bafc3"},
    {file = "cassandra_driver-3.29.1-cp39-cp39-manylinux_2_17_x86_64.manylinux2014_x86_64.whl", hash = "sha256:0c1aca41f45772f9759e8246030907d92bc35fbbdc91525a3cb9b49939b80ad7"},
    {file = "cassandra_driver-3.29.1-cp39-cp39-win32.whl", hash = "sha256:ce4a66245d4a0c8b07fdcb6398698c2c42eb71245fb49cff39435bb702ff7be6"},
    {file = "cassandra_driver-3.29.1-cp39-cp39-win_amd64.whl", hash = "sha256:4cae69ceb1b1d9383e988a1b790115253eacf7867ceb15ed2adb736e3ce981be"},
]

[package.dependencies]
geomet = ">=0.1,<0.3"

[package.extras]
cle = ["cryptography (>=35.0)"]
graph = ["gremlinpython (==3.4.6)"]

[[package]]
name = "click"
version = "8.1.7"
description = "Composable command line interface toolkit"
optional = false
python-versions = ">=3.7"
files = [
    {file = "click-8.1.7-py3-none-any.whl", hash = "sha256:ae74fb96c20a0277a1d615f1e4d73c8414f5a98db8b799a7931d1582f3390c28"},
    {file = "click-8.1.7.tar.gz", hash = "sha256:ca9853ad459e787e2192211578cc907e7594e294c7ccc834310722b41b9ca6de"},
]

[package.dependencies]
colorama = {version = "*", markers = "platform_system == \"Windows\""}

[[package]]
name = "colorama"
version = "0.4.6"
description = "Cross-platform colored terminal text."
optional = false
python-versions = "!=3.0.*,!=3.1.*,!=3.2.*,!=3.3.*,!=3.4.*,!=3.5.*,!=3.6.*,>=2.7"
files = [
    {file = "colorama-0.4.6-py2.py3-none-any.whl", hash = "sha256:4f1d9991f5acc0ca119f9d443620b77f9d6b33703e51011c16baf57afb285fc6"},
    {file = "colorama-0.4.6.tar.gz", hash = "sha256:08695f5cb7ed6e0531a20572697297273c47b8cae5a63ffc6d6ed5c201be6e44"},
]

[[package]]
name = "geomet"
version = "0.2.1.post1"
description = "GeoJSON <-> WKT/WKB conversion utilities"
optional = false
python-versions = ">2.6, !=3.3.*, <4"
files = [
    {file = "geomet-0.2.1.post1-py3-none-any.whl", hash = "sha256:a41a1e336b381416d6cbed7f1745c848e91defaa4d4c1bdc1312732e46ffad2b"},
    {file = "geomet-0.2.1.post1.tar.gz", hash = "sha256:91d754f7c298cbfcabd3befdb69c641c27fe75e808b27aa55028605761d17e95"},
]

[package.dependencies]
click = "*"
six = "*"

[[package]]
name = "iniconfig"
version = "2.0.0"
description = "brain-dead simple config-ini parsing"
optional = false
python-versions = ">=3.7"
files = [
    {file = "iniconfig-2.0.0-py3-none-any.whl", hash = "sha256:b6a85871a79d2e3b22d2d1b94ac2824226a63c6b741c88f7ae975f18b6778374"},
    {file = "iniconfig-2.0.0.tar.gz", hash = "sha256:2d91e135bf72d31a410b17c16da610a82cb55f6b0477d1a902134b24a455b8b3"},
]

[[package]]
name = "packaging"
version = "24.1"
description = "Core utilities for Python packages"
optional = false
python-versions = ">=3.8"
files = [
    {file = "packaging-24.1-py3-none-any.whl", hash = "sha256:5b8f2217dbdbd2f7f384c41c628544e6d52f2d0f53c6d0c3ea61aa5d1d7ff124"},
    {file = "packaging-24.1.tar.gz", hash = "sha256:026ed72c8ed3fcce5bf8950572258698927fd1dbda10a5e981cdf0ac37f4f002"},
]

[[package]]
name = "pluggy"
version = "1.5.0"
description = "plugin and hook calling mechanisms for python"
optional = false
python-versions = ">=3.8"
files = [
    {file = "pluggy-1.5.0-py3-none-any.whl", hash = "sha256:44e1ad92c8ca002de6377e165f3e0f1be63266ab4d554740532335b9d75ea669"},
    {file = "pluggy-1.5.0.tar.gz", hash = "sha256:2cffa88e94fdc978c4c574f15f9e59b7f4201d439195c3715ca9e2486f1d0cf1"},
]

[package.extras]
dev = ["pre-commit", "tox"]
testing = ["pytest", "pytest-benchmark"]

[[package]]
name = "psycopg"
version = "3.1.19"
description = "PostgreSQL database adapter for Python"
optional = false
python-versions = ">=3.7"
files = [
    {file = "psycopg-3.1.19-py3-none-any.whl", hash = "sha256:dca5e5521c859f6606686432ae1c94e8766d29cc91f2ee595378c510cc5b0731"},
    {file = "psycopg-3.1.19.tar.gz", hash = "sha256:92d7b78ad82426cdcf1a0440678209faa890c6e1721361c2f8901f0dccd62961"},
]

[package.dependencies]
typing-extensions = ">=4.1"
tzdata = {version = "*", markers = "sys_platform == \"win32\""}

[package.extras]
binary = ["psycopg-binary (==3.1.19)"]
c = ["psycopg-c (==3.1.19)"]
dev = ["black (>=24.1.0)", "codespell (>=2.2)", "dnspython (>=2.1)", "flake8 (>=4.0)", "mypy (>=1.4.1)", "types-setuptools (>=57.4)", "wheel (>=0.37)"]
docs = ["Sphinx (>=5.0)", "furo (==2022.6.21)", "sphinx-autobuild (>=2021.3.14)", "sphinx-autodoc-typehints (>=1.12)"]
pool = ["psycopg-pool"]
test = ["anyio (>=3.6.2,<4.0)", "mypy (>=1.4.1)", "pproxy (>=2.7)", "pytest (>=6.2.5)", "pytest-cov (>=3.0)", "pytest-randomly (>=3.5)"]

[[package]]
name = "py"
version = "1.11.0"
description = "library with cross-python path, ini-parsing, io, code, log facilities"
optional = false
python-versions = ">=2.7, !=3.0.*, !=3.1.*, !=3.2.*, !=3.3.*, !=3.4.*"
files = [
    {file = "py-1.11.0-py2.py3-none-any.whl", hash = "sha256:607c53218732647dff4acdfcd50cb62615cedf612e72d1724fb1a0cc6405b378"},
    {file = "py-1.11.0.tar.gz", hash = "sha256:51c75c4126074b472f746a24399ad32f6053d1b34b68d2fa41e558e6f4a98719"},
]

[[package]]
name = "pyside6"
version = "6.7.1"
description = "Python bindings for the Qt cross-platform application and UI framework"
optional = false
python-versions = "<3.13,>=3.9"
files = [
    {file = "PySide6-6.7.1-cp39-abi3-macosx_11_0_universal2.whl", hash = "sha256:fb50aad5023ca6f4a4e62079aa57258f72cff65e33100849dab85087017f3041"},
    {file = "PySide6-6.7.1-cp39-abi3-manylinux_2_28_x86_64.whl", hash = "sha256:45a539286e3a8afafd3ebc6b3391d587ce86293564ecba3a994e335dc68fe599"},
    {file = "PySide6-6.7.1-cp39-abi3-manylinux_2_31_aarch64.whl", hash = "sha256:98ac591d8b54844f366fe806e92437487f31250b24aaf647bd192f958e4d2afb"},
    {file = "PySide6-6.7.1-cp39-abi3-win_amd64.whl", hash = "sha256:ea088381d99b53950c87510fd42801a3b6e21d15e7a9ff6c69f96a34a9030fbc"},
]

[package.dependencies]
PySide6-Addons = "6.7.1"
PySide6-Essentials = "6.7.1"
shiboken6 = "6.7.1"

[[package]]
name = "pyside6-addons"
version = "6.7.1"
description = "Python bindings for the Qt cross-platform application and UI framework (Addons)"
optional = false
python-versions = "<3.13,>=3.9"
files = [
    {file = "PySide6_Addons-6.7.1-cp39-abi3-macosx_11_0_universal2.whl", hash = "sha256:f360baa915fbd0be9beb3439e937d8accbaa56dd03c4b95f4c869d679343eb3e"},
    {file = "PySide6_Addons-6.7.1-cp39-abi3-manylinux_2_28_x86_64.whl", hash = "sha256:e9fbfc31e0de5075ee98d92cdbd7ccd274e4ac25100c890ae5bddfc8804a304c"},
    {file = "PySide6_Addons-6.7.1-cp39-abi3-manylinux_2_31_aarch64.whl", hash = "sha256:e7de1210580217cf605c5ac8cb0f21ebcc51b261e6f9c90908eb596991607789"},
    {file = "PySide6_Addons-6.7.1-cp39-abi3-win_amd64.whl", hash = "sha256:58c91a27aba1190f48200d7ec6b12422b955b1ca3f68e82fc97081561d77ba4f"},
]

[package.dependencies]
PySide6-Essentials = "6.7.1"
shiboken6 = "6.7.1"

[[package]]
name = "pyside6-essentials"
version = "6.7.1"
description = "Python bindings for the Qt cross-platform application and UI framework (Essentials)"
optional = false
python-versions = "<3.13,>=3.9"
files = [
    {file = "PySide6_Essentials-6.7.1-cp39-abi3-macosx_11_0_universal2.whl", hash = "sha256:a527ec6d36533ad1ef04209b01d3d3d0286e0caaf26ec0fb0db601abbe738aac"},
    {file = "PySide6_Essentials-6.7.1-cp39-abi3-manylinux_2_28_x86_64.whl", hash = "sha256:b2d70dc4376c1b1ff5b2988a428a0ed5a889173ce9a0b56803468063d0ef7c75"},
    {file = "PySide6_Essentials-6.7.1-cp39-abi3-manylinux_2_31_aarch64.whl", hash = "sha256:b1cc7eadccd2a3a6cf4bc789b874bd316714b8c5191ade4a710b952bd0d2cc81"},
    {file = "PySide6_Essentials-6.7.1-cp39-abi3-win_amd64.whl", hash = "sha256:9a42670f1288759abef1bb1ce948f05acc2cc07a88df14e06467a9c43405b616"},
]

[package.dependencies]
shiboken6 = "6.7.1"

[[package]]
name = "pytest"
version = "6.2.5"
description = "pytest: simple powerful testing with Python"
optional = false
python-versions = ">=3.6"
files = [
    {file = "pytest-6.2.5-py3-none-any.whl", hash = "sha256:7310f8d27bc79ced999e760ca304d69f6ba6c6649c0b60fb0e04a4a77cacc134"},
    {file = "pytest-6.2.5.tar.gz", hash = "sha256:131b36680866a76e6781d13f101efb86cf674ebb9762eb70d3082b6f29889e89"},
]

[package.dependencies]
atomicwrites = {version = ">=1.0", markers = "sys_platform == \"win32\""}
attrs = ">=19.2.0"
colorama = {version = "*", markers = "sys_platform == \"win32\""}
iniconfig = "*"
packaging = "*"
pluggy = ">=0.12,<2.0"
py = ">=1.8.2"
toml = "*"

[package.extras]
testing = ["argcomplete", "hypothesis (>=3.56)", "mock", "nose", "requests", "xmlschema"]

[[package]]
name = "redis"
version = "5.0.6"
description = "Python client for Redis database and key-value store"
optional = false
python-versions = ">=3.7"
files = [
    {file = "redis-5.0.6-py3-none-any.whl", hash = "sha256:c0d6d990850c627bbf7be01c5c4cbaadf67b48593e913bb71c9819c30df37eee"},
    {file = "redis-5.0.6.tar.gz", hash = "sha256:38473cd7c6389ad3e44a91f4c3eaf6bcb8a9f746007f29bf4fb20824ff0b2197"},
]

[package.dependencies]
async-timeout = {version = ">=4.0.3", markers = "python_full_version < \"3.11.3\""}

[package.extras]
hiredis = ["hiredis (>=1.0.0)"]
ocsp = ["cryptography (>=36.0.1)", "pyopenssl (==20.0.1)", "requests (>=2.26.0)"]

[[package]]
name = "shiboken6"
version = "6.7.1"
description = "Python/C++ bindings helper module"
optional = false
python-versions = "<3.13,>=3.9"
files = [
    {file = "shiboken6-6.7.1-cp39-abi3-macosx_11_0_universal2.whl", hash = "sha256:80aa412a45d984592a865f95a6d0e39b70e41ef251d11a39880802454d9d87c8"},
    {file = "shiboken6-6.7.1-cp39-abi3-manylinux_2_28_x86_64.whl", hash = "sha256:6322b7a6232fc93eac0b11489007734438ae1e6213429fd6d7521d04072c2f87"},
    {file = "shiboken6-6.7.1-cp39-abi3-manylinux_2_31_aarch64.whl", hash = "sha256:ec53bfcc4bb762bc845548410e17a09447837a3f20102efb4f91c12688648091"},
    {file = "shiboken6-6.7.1-cp39-abi3-win_amd64.whl", hash = "sha256:a023ac2dc24c9325dbd0698bb7c21057e2361e92a2e187009820433342c882a0"},
]

[[package]]
name = "six"
version = "1.16.0"
description = "Python 2 and 3 compatibility utilities"
optional = false
python-versions = ">=2.7, !=3.0.*, !=3.1.*, !=3.2.*"
files = [
    {file = "six-1.16.0-py2.py3-none-any.whl", hash = "sha256:8abb2f1d86890a2dfb989f9a77cfcfd3e47c2a354b01111771326f8aa26e0254"},
    {file = "six-1.16.0.tar.gz", hash = "sha256:1e61c37477a1626458e36f7b1d82aa5c9b094fa4802892072e49de9c60c4c926"},
]

[[package]]
name = "toml"
version = "0.10.2"
description = "Python Library for Tom's Obvious, Minimal Language"
optional = false
python-versions = ">=2.6, !=3.0.*, !=3.1.*, !=3.2.*"
files = [
    {file = "toml-0.10.2-py2.py3-none-any.whl", hash = "sha256:806143ae5bfb6a3c6e736a764057db0e6a0e05e338b5630894a5f779cabb4f9b"},
    {file = "toml-0.10.2.tar.gz", hash = "sha256:b3bda1d108d5dd99f4a20d24d9c348e91c4db7ab1b749200bded2f839ccbe68f"},
]

[[package]]
name = "typing-extensions"
version = "4.12.2"
description = "Backported and Experimental Type Hints for Python 3.8+"
optional = false
python-versions = ">=3.8"
files = [
    {file = "typing_extensions-4.12.2-py3-none-any.whl", hash = "sha256:04e5ca0351e0f3f85c6853954072df659d0d13fac324d0072316b67d7794700d"},
    {file = "typing_extensions-4.12.2.tar.gz", hash = "sha256:1a7ead55c7e559dd4dee8856e3a88b41225abfe1ce8df57b7c13915fe121ffb8"},
]

[[package]]
name = "tzdata"
version = "2024.1"
description = "Provider of IANA time zone data"
optional = false
python-versions = ">=2"
files = [
    {file = "tzdata-2024.1-py2.py3-none-any.whl", hash = "sha256:9068bc196136463f5245e51efda838afa15aaeca9903f49050dfa2679db4d252"},
    {file = "tzdata-2024.1.tar.gz", hash = "sha256:2674120f8d891909751c38abcdfd386ac0a5a1127954fbc332af6b5ceae07efd"},
]

[metadata]
lock-version = "2.0"
python-versions = ">=3.10,<3.13"
content-hash = "b00c1f93cef3a85696a4900316fc9103efec6f99a1089443a7a126ab15645206"
